
Microsoft Visual Studio Solution File, Format Version 12.00
Project("{FAE04EC0-301F-11D3-BF4B-00C04F79EFBC}") = "ReactApp1.Server", "ReactApp1\ReactApp1.Server\ReactApp1.Server.csproj", "{2B7631EF-F47C-4599-9612-2D15DE13FFCB}"
EndProject
Global
	GlobalSection(SolutionConfigurationPlatforms) = preSolution
		Debug|Any CPU = Debug|Any CPU
		Release|Any CPU = Release|Any CPU
	EndGlobalSection
	GlobalSection(ProjectConfigurationPlatforms) = postSolution
		{2B7631EF-F47C-4599-9612-2D15DE13FFCB}.Debug|Any CPU.ActiveCfg = Debug|Any CPU
		{2B7631EF-F47C-4599-9612-2D15DE13FFCB}.Debug|Any CPU.Build.0 = Debug|Any CPU
		{2B7631EF-F47C-4599-9612-2D15DE13FFCB}.Release|Any CPU.ActiveCfg = Release|Any CPU
		{2B7631EF-F47C-4599-9612-2D15DE13FFCB}.Release|Any CPU.Build.0 = Release|Any CPU
	EndGlobalSection
EndGlobal
